dependencies:
- name: common
  repository: https://charts.bitnami.com/bitnami
  version: 2.19.0
- name: openfga
  repository: https://openfga.github.io/helm-charts
  version: 0.1.39
digest: sha256:604c99fc38f716f25615b23a0426fde2f6c48c97fb27d929b2bcdea068ef29a0
generated: "2024-03-08T15:38:41.580418519Z"
