dependencies:
- name: common
  repository: https://charts.bitnami.com/bitnami
  version: 2.19.0
- name: openfga
  repository: https://openfga.github.io/helm-charts
  version: 0.2.3
- name: redis
  repository: https://charts.bitnami.com/bitnami
  version: 19.1.0
digest: sha256:42f013436c66475980ed61b6ffb5e494d07a5038c123d9b17cb34bfd0874efd5
generated: "2024-04-17T14:47:36.021777312Z"
