dependencies:
- name: common
  repository: https://charts.bitnami.com/bitnami
  version: 2.20.4
- name: openfga
  repository: https://openfga.github.io/helm-charts
  version: 0.2.6
- name: redis
  repository: https://charts.bitnami.com/bitnami
  version: 19.5.2
digest: sha256:e9aeab8207050914194c8dc328f0efa143fc9f10733c8f921a78ed59b3123ce8
generated: "2024-07-11T14:57:41.919828964Z"
